
Microsoft Visual Studio Solution File, Format Version 12.00
# Visual Studio Version 17
VisualStudioVersion = 17.6.33815.320
MinimumVisualStudioVersion = 10.0.40219.1
Project("{FAE04EC0-301F-11D3-BF4B-00C04F79EFBC}") = "Lab Exam", "Lab Exam.csproj", "{03499264-BE57-4B08-A0B9-090EA8496BDA}"
EndProject
Global
	GlobalSection(SolutionConfigurationPlatforms) = preSolution
		Debug|Any CPU = Debug|Any CPU
		Release|Any CPU = Release|Any CPU
	EndGlobalSection
	GlobalSection(ProjectConfigurationPlatforms) = postSolution
		{03499264-BE57-4B08-A0B9-090EA8496BDA}.Debug|Any CPU.ActiveCfg = Debug|Any CPU
		{03499264-BE57-4B08-A0B9-090EA8496BDA}.Debug|Any CPU.Build.0 = Debug|Any CPU
		{03499264-BE57-4B08-A0B9-090EA8496BDA}.Release|Any CPU.ActiveCfg = Release|Any CPU
		{03499264-BE57-4B08-A0B9-090EA8496BDA}.Release|Any CPU.Build.0 = Release|Any CPU
	EndGlobalSection
	GlobalSection(SolutionProperties) = preSolution
		HideSolutionNode = FALSE
	EndGlobalSection
	GlobalSection(ExtensibilityGlobals) = postSolution
		SolutionGuid = {0962DE1E-1FBC-4564-8A8F-8CE50C2D5050}
	EndGlobalSection
EndGlobal
